
Microsoft Visual Studio Solution File, Format Version 12.00
# Visual Studio 15
VisualStudioVersion = 15.0.28307.168
MinimumVisualStudioVersion = 10.0.40219.1
Project("{FAE04EC0-301F-11D3-BF4B-00C04F79EFBC}") = "odev_uyg", "odev_uyg\odev_uyg.csproj", "{888FD1E8-38E2-45AD-8807-CB88A3B15B93}"
EndProject
Global
	GlobalSection(SolutionConfigurationPlatforms) = preSolution
		Debug|Any CPU = Debug|Any CPU
		Release|Any CPU = Release|Any CPU
	EndGlobalSection
	GlobalSection(ProjectConfigurationPlatforms) = postSolution
		{888FD1E8-38E2-45AD-8807-CB88A3B15B93}.Debug|Any CPU.ActiveCfg = Debug|Any CPU
		{888FD1E8-38E2-45AD-8807-CB88A3B15B93}.Debug|Any CPU.Build.0 = Debug|Any CPU
		{888FD1E8-38E2-45AD-8807-CB88A3B15B93}.Release|Any CPU.ActiveCfg = Release|Any CPU
		{888FD1E8-38E2-45AD-8807-CB88A3B15B93}.Release|Any CPU.Build.0 = Release|Any CPU
	EndGlobalSection
	GlobalSection(SolutionProperties) = preSolution
		HideSolutionNode = FALSE
	EndGlobalSection
	GlobalSection(ExtensibilityGlobals) = postSolution
		SolutionGuid = {91109100-980D-4A2E-8D6E-15C8377B63F9}
	EndGlobalSection
EndGlobal
