
Microsoft Visual Studio Solution File, Format Version 12.00
# Visual Studio 15
VisualStudioVersion = 15.0.28010.2048
MinimumVisualStudioVersion = 10.0.40219.1
Project("{FAE04EC0-301F-11D3-BF4B-00C04F79EFBC}") = "VoyageFramework", "VoyageFramework\VoyageFramework.csproj", "{2295728C-A164-4C9F-8510-AD570ED6CDB3}"
EndProject
Project("{FAE04EC0-301F-11D3-BF4B-00C04F79EFBC}") = "RouteClass_Should", "UnitTestProject1\RouteClass_Should.csproj", "{64F73798-D6B6-42B7-B9AE-7D6B4494C64C}"
EndProject
Project("{FAE04EC0-301F-11D3-BF4B-00C04F79EFBC}") = "UnitTestProject2", "UnitTestProject2\UnitTestProject2.csproj", "{7D0D4C37-D2AB-493E-B147-935208AD86E4}"
EndProject
Global
	GlobalSection(SolutionConfigurationPlatforms) = preSolution
		Debug|Any CPU = Debug|Any CPU
		Release|Any CPU = Release|Any CPU
	EndGlobalSection
	GlobalSection(ProjectConfigurationPlatforms) = postSolution
		{2295728C-A164-4C9F-8510-AD570ED6CDB3}.Debug|Any CPU.ActiveCfg = Debug|Any CPU
		{2295728C-A164-4C9F-8510-AD570ED6CDB3}.Debug|Any CPU.Build.0 = Debug|Any CPU
		{2295728C-A164-4C9F-8510-AD570ED6CDB3}.Release|Any CPU.ActiveCfg = Release|Any CPU
		{2295728C-A164-4C9F-8510-AD570ED6CDB3}.Release|Any CPU.Build.0 = Release|Any CPU
		{64F73798-D6B6-42B7-B9AE-7D6B4494C64C}.Debug|Any CPU.ActiveCfg = Debug|Any CPU
		{64F73798-D6B6-42B7-B9AE-7D6B4494C64C}.Debug|Any CPU.Build.0 = Debug|Any CPU
		{64F73798-D6B6-42B7-B9AE-7D6B4494C64C}.Release|Any CPU.ActiveCfg = Release|Any CPU
		{64F73798-D6B6-42B7-B9AE-7D6B4494C64C}.Release|Any CPU.Build.0 = Release|Any CPU
		{7D0D4C37-D2AB-493E-B147-935208AD86E4}.Debug|Any CPU.ActiveCfg = Debug|Any CPU
		{7D0D4C37-D2AB-493E-B147-935208AD86E4}.Debug|Any CPU.Build.0 = Debug|Any CPU
		{7D0D4C37-D2AB-493E-B147-935208AD86E4}.Release|Any CPU.ActiveCfg = Release|Any CPU
		{7D0D4C37-D2AB-493E-B147-935208AD86E4}.Release|Any CPU.Build.0 = Release|Any CPU
	EndGlobalSection
	GlobalSection(SolutionProperties) = preSolution
		HideSolutionNode = FALSE
	EndGlobalSection
	GlobalSection(ExtensibilityGlobals) = postSolution
		SolutionGuid = {C042912C-FC30-4366-816B-B2055D3D52F1}
	EndGlobalSection
EndGlobal
